
Microsoft Visual Studio Solution File, Format Version 12.00
# Visual Studio Version 17
VisualStudioVersion = 17.6.33815.320
MinimumVisualStudioVersion = 10.0.40219.1
Project("{9A19103F-16F7-4668-BE54-9A1E7A4F7556}") = "API.KnowledgeBase", "API.KnowledgeBase\API.KnowledgeBase.csproj", "{28E8EC2E-F800-4A9D-9A6F-BEADB918BA77}"
EndProject
Project("{9A19103F-16F7-4668-BE54-9A1E7A4F7556}") = "Application.KnowledgeBase", "Application.KnowledgeBase\Application.KnowledgeBase.csproj", "{72084BA9-3B39-4263-B637-3628DA063F30}"
EndProject
Project("{9A19103F-16F7-4668-BE54-9A1E7A4F7556}") = "Domain.KnowledgeBase", "Domain.KnowledgeBase\Domain.KnowledgeBase.csproj", "{7A320F80-CC70-491A-ACF9-5798615534E2}"
EndProject
Project("{9A19103F-16F7-4668-BE54-9A1E7A4F7556}") = "Infrastructure.KnowledgeBase", "Infrastructure.KnowledgeBase\Infrastructure.KnowledgeBase.csproj", "{75C47CAF-6AD6-443F-BEB2-24488B13D6E5}"
EndProject
Global
	GlobalSection(SolutionConfigurationPlatforms) = preSolution
		Debug|Any CPU = Debug|Any CPU
		Release|Any CPU = Release|Any CPU
	EndGlobalSection
	GlobalSection(ProjectConfigurationPlatforms) = postSolution
		{28E8EC2E-F800-4A9D-9A6F-BEADB918BA77}.Debug|Any CPU.ActiveCfg = Debug|Any CPU
		{28E8EC2E-F800-4A9D-9A6F-BEADB918BA77}.Debug|Any CPU.Build.0 = Debug|Any CPU
		{28E8EC2E-F800-4A9D-9A6F-BEADB918BA77}.Release|Any CPU.ActiveCfg = Release|Any CPU
		{28E8EC2E-F800-4A9D-9A6F-BEADB918BA77}.Release|Any CPU.Build.0 = Release|Any CPU
		{72084BA9-3B39-4263-B637-3628DA063F30}.Debug|Any CPU.ActiveCfg = Debug|Any CPU
		{72084BA9-3B39-4263-B637-3628DA063F30}.Debug|Any CPU.Build.0 = Debug|Any CPU
		{72084BA9-3B39-4263-B637-3628DA063F30}.Release|Any CPU.ActiveCfg = Release|Any CPU
		{72084BA9-3B39-4263-B637-3628DA063F30}.Release|Any CPU.Build.0 = Release|Any CPU
		{7A320F80-CC70-491A-ACF9-5798615534E2}.Debug|Any CPU.ActiveCfg = Debug|Any CPU
		{7A320F80-CC70-491A-ACF9-5798615534E2}.Debug|Any CPU.Build.0 = Debug|Any CPU
		{7A320F80-CC70-491A-ACF9-5798615534E2}.Release|Any CPU.ActiveCfg = Release|Any CPU
		{7A320F80-CC70-491A-ACF9-5798615534E2}.Release|Any CPU.Build.0 = Release|Any CPU
		{75C47CAF-6AD6-443F-BEB2-24488B13D6E5}.Debug|Any CPU.ActiveCfg = Debug|Any CPU
		{75C47CAF-6AD6-443F-BEB2-24488B13D6E5}.Debug|Any CPU.Build.0 = Debug|Any CPU
		{75C47CAF-6AD6-443F-BEB2-24488B13D6E5}.Release|Any CPU.ActiveCfg = Release|Any CPU
		{75C47CAF-6AD6-443F-BEB2-24488B13D6E5}.Release|Any CPU.Build.0 = Release|Any CPU
	EndGlobalSection
	GlobalSection(SolutionProperties) = preSolution
		HideSolutionNode = FALSE
	EndGlobalSection
	GlobalSection(ExtensibilityGlobals) = postSolution
		SolutionGuid = {0F2F29DB-7316-431C-A95C-C92FE7A10680}
	EndGlobalSection
EndGlobal
